
Microsoft Visual Studio Solution File, Format Version 12.00
# Visual Studio Version 17
VisualStudioVersion = 17.8.34322.80
MinimumVisualStudioVersion = 10.0.40219.1
Project("{FAE04EC0-301F-11D3-BF4B-00C04F79EFBC}") = "PREFINALS_AUTH_RODRIN_JOHNPAUL", "PREFINALS_AUTH_RODRIN_JOHNPAUL\PREFINALS_AUTH_RODRIN_JOHNPAUL.csproj", "{D304F0B2-74E1-42F6-B89F-E1A8AD651C66}"
EndProject
Project("{FAE04EC0-301F-11D3-BF4B-00C04F79EFBC}") = "ProtectedApi", "ProtectedApi\ProtectedApi.csproj", "{27554504-4708-4ADA-9FB9-74EC1AB5CB83}"
EndProject
Project("{FAE04EC0-301F-11D3-BF4B-00C04F79EFBC}") = "AuthServer", "AuthServer\AuthServer.csproj", "{025E4792-D06C-4091-BFE9-D2A4E9798C98}"
EndProject
Global
	GlobalSection(SolutionConfigurationPlatforms) = preSolution
		Debug|Any CPU = Debug|Any CPU
		Release|Any CPU = Release|Any CPU
	EndGlobalSection
	GlobalSection(ProjectConfigurationPlatforms) = postSolution
		{D304F0B2-74E1-42F6-B89F-E1A8AD651C66}.Debug|Any CPU.ActiveCfg = Debug|Any CPU
		{D304F0B2-74E1-42F6-B89F-E1A8AD651C66}.Debug|Any CPU.Build.0 = Debug|Any CPU
		{D304F0B2-74E1-42F6-B89F-E1A8AD651C66}.Release|Any CPU.ActiveCfg = Release|Any CPU
		{D304F0B2-74E1-42F6-B89F-E1A8AD651C66}.Release|Any CPU.Build.0 = Release|Any CPU
		{27554504-4708-4ADA-9FB9-74EC1AB5CB83}.Debug|Any CPU.ActiveCfg = Debug|Any CPU
		{27554504-4708-4ADA-9FB9-74EC1AB5CB83}.Debug|Any CPU.Build.0 = Debug|Any CPU
		{27554504-4708-4ADA-9FB9-74EC1AB5CB83}.Release|Any CPU.ActiveCfg = Release|Any CPU
		{27554504-4708-4ADA-9FB9-74EC1AB5CB83}.Release|Any CPU.Build.0 = Release|Any CPU
		{025E4792-D06C-4091-BFE9-D2A4E9798C98}.Debug|Any CPU.ActiveCfg = Debug|Any CPU
		{025E4792-D06C-4091-BFE9-D2A4E9798C98}.Debug|Any CPU.Build.0 = Debug|Any CPU
		{025E4792-D06C-4091-BFE9-D2A4E9798C98}.Release|Any CPU.ActiveCfg = Release|Any CPU
		{025E4792-D06C-4091-BFE9-D2A4E9798C98}.Release|Any CPU.Build.0 = Release|Any CPU
	EndGlobalSection
	GlobalSection(SolutionProperties) = preSolution
		HideSolutionNode = FALSE
	EndGlobalSection
	GlobalSection(ExtensibilityGlobals) = postSolution
		SolutionGuid = {0706C0D4-4153-4E34-968F-573CE7A40FAD}
	EndGlobalSection
EndGlobal
